{
  "requires": true,
  "lockfileVersion": 1,
  "dependencies": {
    "@material/animation": {
      "version": "0.34.0",
      "resolved": "https://registry.npmjs.org/@material/animation/-/animation-0.34.0.tgz",
      "integrity": "sha512-HKWU+pHda+xSIV0lwrTMOb/N005NIAV7+tvEEjTiLrQx74eO6J9nIjfCpZ0W4D8Kb9K90lgHFo0ZRC6yDTjizQ=="
    },
    "@material/auto-init": {
      "version": "0.35.0",
      "resolved": "https://registry.npmjs.org/@material/auto-init/-/auto-init-0.35.0.tgz",
      "integrity": "sha512-mrd6pZqPNdkuD78VwYhbgCrMob3Ws1rFttYunME+IcJzLeJWOtLLGe4xZe0kYrJJ6e0AZAEA+azLyokOwPQ3Fw=="
    },
    "@material/base": {
      "version": "0.35.0",
      "resolved": "https://registry.npmjs.org/@material/base/-/base-0.35.0.tgz",
      "integrity": "sha512-PYuluVzcH8hxtionVvpTSygTENlgyOHvJ5ka7JfbCRQfXlxjV8zKYwhh9u/1HqA6y1OonG1oGFCaBHopbdsNEQ=="
    },
    "@material/button": {
      "version": "0.37.1",
      "resolved": "https://registry.npmjs.org/@material/button/-/button-0.37.1.tgz",
      "integrity": "sha512-sI6YRk2Z5hcAyBCV0k6i+QuWS7tlHO008jDNm7rjUPt3bJ5z/JaLaAaHIc6kEtgVSp+NMKlu6HhYtDl9KLq3xg==",
      "requires": {
        "@material/elevation": "^0.36.1",
        "@material/ripple": "^0.37.1",
        "@material/rtl": "^0.36.0",
        "@material/theme": "^0.35.0",
        "@material/typography": "^0.37.1"
      }
    },
    "@material/card": {
      "version": "0.37.1",
      "resolved": "https://registry.npmjs.org/@material/card/-/card-0.37.1.tgz",
      "integrity": "sha512-HLLov0DPnJJbQulkg/gHSlJlmDRDdL8TKR8Okd24UPjzQx5azjE6TUYjXDLHxESmZYYeAcDUcs2wq+j9q12ywg==",
      "requires": {
        "@material/elevation": "^0.36.1",
        "@material/ripple": "^0.37.1",
        "@material/rtl": "^0.36.0",
        "@material/theme": "^0.35.0"
      }
    },
    "@material/checkbox": {
      "version": "0.37.1",
      "resolved": "https://registry.npmjs.org/@material/checkbox/-/checkbox-0.37.1.tgz",
      "integrity": "sha512-blStJk0pZjL7jH9H2IjgrSUNgOpE8zrHWVCNsanyYFYr5sfHT2BGXRYnLa40+vB6RuUf44Wrn9uEzQ96k43ZEQ==",
      "requires": {
        "@material/animation": "^0.34.0",
        "@material/base": "^0.35.0",
        "@material/ripple": "^0.37.1",
        "@material/rtl": "^0.36.0",
        "@material/selection-control": "^0.37.1",
        "@material/theme": "^0.35.0"
      }
    },
    "@material/chips": {
      "version": "0.37.1",
      "resolved": "https://registry.npmjs.org/@material/chips/-/chips-0.37.1.tgz",
      "integrity": "sha512-MgOKo4zAhRFlQtQq5SuaWFmTLR2b44Ig/1rUSSKcrivto/waBAIaeVWJocaYshcMeW6ZSNkHOGqPLm/fP56qmQ==",
      "requires": {
        "@material/animation": "^0.34.0",
        "@material/base": "^0.35.0",
        "@material/checkbox": "^0.37.1",
        "@material/ripple": "^0.37.1",
        "@material/typography": "^0.37.1"
      }
    },
    "@material/dialog": {
      "version": "0.37.1",
      "resolved": "https://registry.npmjs.org/@material/dialog/-/dialog-0.37.1.tgz",
      "integrity": "sha512-PCOobQdQCV+W+PYnwi1+yKPPPRB/SN1ogdBp3al5qlH0WLpXTu8AP6apaj2HI5aU9s3WW94Vmt+mTpPOmasxDg==",
      "requires": {
        "@material/animation": "^0.34.0",
        "@material/base": "^0.35.0",
        "@material/elevation": "^0.36.1",
        "@material/ripple": "^0.37.1",
        "@material/rtl": "^0.36.0",
        "@material/theme": "^0.35.0",
        "@material/typography": "^0.37.1",
        "focus-trap": "^2.3.0"
      }
    },
    "@material/drawer": {
      "version": "0.37.1",
      "resolved": "https://registry.npmjs.org/@material/drawer/-/drawer-0.37.1.tgz",
      "integrity": "sha512-JZSDEbECK/grxnK/G8Mbwd5eETTMLrW9f6NfaId5eNvfWhqKEeVRBpuxscuuuli/z/ciHDb+Okrga6bHCQWEEQ==",
      "requires": {
        "@material/animation": "^0.34.0",
        "@material/base": "^0.35.0",
        "@material/elevation": "^0.36.1",
        "@material/rtl": "^0.36.0",
        "@material/theme": "^0.35.0",
        "@material/typography": "^0.37.1"
      }
    },
    "@material/elevation": {
      "version": "0.36.1",
      "resolved": "https://registry.npmjs.org/@material/elevation/-/elevation-0.36.1.tgz",
      "integrity": "sha512-kh7paJc3jc+6O6Op93j8S/eFqiA9KhSsT/gtQeVbEt2ebGweh4TTc/Smm0D/RPOzifPL1mRMAQY7SgFchlz1AQ==",
      "requires": {
        "@material/animation": "^0.34.0",
        "@material/theme": "^0.35.0"
      }
    },
    "@material/fab": {
      "version": "0.37.1",
      "resolved": "https://registry.npmjs.org/@material/fab/-/fab-0.37.1.tgz",
      "integrity": "sha512-CeV27OZFEL5LoUDeTONdz+uUMFVaaa1iVPtBltK3cE48vhWQia97oJ6U4+veiJHmx6dNQm/ExW3jsBqwsZyXUw==",
      "requires": {
        "@material/animation": "^0.34.0",
        "@material/elevation": "^0.36.1",
        "@material/ripple": "^0.37.1",
        "@material/rtl": "^0.36.0",
        "@material/theme": "^0.35.0",
        "@material/typography": "^0.37.1"
      }
    },
    "@material/floating-label": {
      "version": "0.37.1",
      "resolved": "https://registry.npmjs.org/@material/floating-label/-/floating-label-0.37.1.tgz",
      "integrity": "sha512-y/nH5zh56HvL5do9vZ84/ky70Cdd6/ws+IXXDPouUp9MFSP2jhXuuWDDns2vYFIZI/I58ldCtfPsn9bJTqmpTw==",
      "requires": {
        "@material/base": "^0.35.0",
        "@material/rtl": "^0.36.0",
        "@material/theme": "^0.35.0",
        "@material/typography": "^0.37.1"
      }
    },
    "@material/form-field": {
      "version": "0.37.1",
      "resolved": "https://registry.npmjs.org/@material/form-field/-/form-field-0.37.1.tgz",
      "integrity": "sha512-Gt1+KVzJZ5XH6ZkJz8dgTpWhDaPHh4tsRXeKPXlQJuVuVNLIFlERkKFPlfNmTcHg+wZznGSGLCUfSHEK+m0gtA==",
      "requires": {
        "@material/base": "^0.35.0",
        "@material/rtl": "^0.36.0",
        "@material/selection-control": "^0.37.1",
        "@material/theme": "^0.35.0",
        "@material/typography": "^0.37.1"
      }
    },
    "@material/grid-list": {
      "version": "0.37.1",
      "resolved": "https://registry.npmjs.org/@material/grid-list/-/grid-list-0.37.1.tgz",
      "integrity": "sha512-YbeFceFfEtPiFUuCHTJwOjIzujkiQCK9vZ+cmJglv4zHd9nnFS7sJqY6POxjwi1NKmC2yyZattagqV/V31WRjQ==",
      "requires": {
        "@material/base": "^0.35.0",
        "@material/rtl": "^0.36.0",
        "@material/theme": "^0.35.0",
        "@material/typography": "^0.37.1"
      }
    },
    "@material/icon-button": {
      "version": "0.37.1",
      "resolved": "https://registry.npmjs.org/@material/icon-button/-/icon-button-0.37.1.tgz",
      "integrity": "sha512-J3/p47pU3rz4BS0SQyPZVxp0AUQZJBEBk3RsDNeAUpX35EKpHubEWHqc9E+bSiRuTeMfqh626SUMDx0fAK718g==",
      "requires": {
        "@material/base": "^0.35.0",
        "@material/ripple": "^0.37.1",
        "@material/theme": "^0.35.0"
      }
    },
    "@material/icon-toggle": {
      "version": "0.37.1",
      "resolved": "https://registry.npmjs.org/@material/icon-toggle/-/icon-toggle-0.37.1.tgz",
      "integrity": "sha512-5E5i0TvF/mmsdWiS22Z6xrLJK/iOO/EXKPLx194R1ZQQetpvEm0MIogmZEdHLsrio4d6hlEI7XxT0DvDGtn9Sg==",
      "requires": {
        "@material/animation": "^0.34.0",
        "@material/base": "^0.35.0",
        "@material/ripple": "^0.37.1",
        "@material/theme": "^0.35.0"
      }
    },
    "@material/image-list": {
      "version": "0.37.1",
      "resolved": "https://registry.npmjs.org/@material/image-list/-/image-list-0.37.1.tgz",
      "integrity": "sha512-xGKk0mfQ/G0KKAnVGlZRyb2U6GVLRSky1TDJghmgl056Dx8VQNOb2+R+HYKH2m+kXQ1RAGeSseFhVEpHpI27HA==",
      "requires": {
        "@material/theme": "^0.35.0",
        "@material/typography": "^0.37.1"
      }
    },
    "@material/layout-grid": {
      "version": "0.34.0",
      "resolved": "https://registry.npmjs.org/@material/layout-grid/-/layout-grid-0.34.0.tgz",
      "integrity": "sha512-LJ3LHCumfGftl1ihO0LW9JKsnR71nnlvpzhHdUlK6o1GPul+EEUUdOFN1zxI+Ik9iS++1na/Dg8f/1sdQUxj6w=="
    },
    "@material/line-ripple": {
      "version": "0.35.0",
      "resolved": "https://registry.npmjs.org/@material/line-ripple/-/line-ripple-0.35.0.tgz",
      "integrity": "sha512-0w0kLYo2dGBiR2kgHxybifO7z4UxIYbL55EKOqkg+rG0dC+NkzFoURhjwoll6910EOlS//5UNo1N/u3to3uNjg==",
      "requires": {
        "@material/animation": "^0.34.0",
        "@material/base": "^0.35.0",
        "@material/theme": "^0.35.0"
      }
    },
    "@material/linear-progress": {
      "version": "0.35.0",
      "resolved": "https://registry.npmjs.org/@material/linear-progress/-/linear-progress-0.35.0.tgz",
      "integrity": "sha512-ZU4wZxcJnkiu/jwp4EiwL3A61xuh2sdwthBTuySz1JPeipHUQ3t+lPzD5RwOQQ+akNTgf7q03s94Aaxq8ZUtlA==",
      "requires": {
        "@material/animation": "^0.34.0",
        "@material/base": "^0.35.0",
        "@material/theme": "^0.35.0"
      }
    },
    "@material/list": {
      "version": "0.37.1",
      "resolved": "https://registry.npmjs.org/@material/list/-/list-0.37.1.tgz",
      "integrity": "sha512-GXRMjKvH/bE/0ckjwmq53WLK7stq3xBgYtO0/hoqCgJa3NYjhvgSFe4SA4H0J/Gpj2vA3A3E5beDMRULfND1BA==",
      "requires": {
        "@material/base": "^0.35.0",
        "@material/ripple": "^0.37.1",
        "@material/rtl": "^0.36.0",
        "@material/theme": "^0.35.0",
        "@material/typography": "^0.37.1"
      }
    },
    "@material/menu": {
      "version": "0.37.1",
      "resolved": "https://registry.npmjs.org/@material/menu/-/menu-0.37.1.tgz",
      "integrity": "sha512-Q6fmjFM1kVYsnxGYVTao5zd7hrQpZ6BiwescDBZvQbhfGM/d2RnSIUdczojZR8qxA4vgOQpm26yReKk22FenSA==",
      "requires": {
        "@material/animation": "^0.34.0",
        "@material/base": "^0.35.0",
        "@material/elevation": "^0.36.1",
        "@material/theme": "^0.35.0",
        "@material/typography": "^0.37.1"
      }
    },
    "@material/notched-outline": {
      "version": "0.37.1",
      "resolved": "https://registry.npmjs.org/@material/notched-outline/-/notched-outline-0.37.1.tgz",
      "integrity": "sha512-IDaVgYWzzyYwOqjrhX8cdKFjBRnQvukwJNaBqlGv/Ikc+q7Q5UQLNGKQijYlCTR7lrzifIT3z6KpTFmYivbfDg==",
      "requires": {
        "@material/animation": "^0.34.0",
        "@material/base": "^0.35.0",
        "@material/theme": "^0.35.0"
      }
    },
    "@material/radio": {
      "version": "0.37.1",
      "resolved": "https://registry.npmjs.org/@material/radio/-/radio-0.37.1.tgz",
      "integrity": "sha512-LajWyVRJRe684Vv4soaSFpgd2U923zdwSks3j3dHHUIYMSr/mJna+S8KkuT6i5pTSM2u0sj2yQN01LcFxldZqQ==",
      "requires": {
        "@material/animation": "^0.34.0",
        "@material/base": "^0.35.0",
        "@material/ripple": "^0.37.1",
        "@material/selection-control": "^0.37.1",
        "@material/theme": "^0.35.0"
      }
    },
    "@material/ripple": {
      "version": "0.37.1",
      "resolved": "https://registry.npmjs.org/@material/ripple/-/ripple-0.37.1.tgz",
      "integrity": "sha512-FSBZd8Qs7cFcfnVhGLAq4KnMteJQ6HnnEXYmpQxNFHxtkc4FpVh9AwwBsvzCzxbyuMqaKk9YsQubMjyhuuhQ9A==",
      "requires": {
        "@material/animation": "^0.34.0",
        "@material/base": "^0.35.0",
        "@material/theme": "^0.35.0"
      }
    },
    "@material/rtl": {
      "version": "0.36.0",
      "resolved": "https://registry.npmjs.org/@material/rtl/-/rtl-0.36.0.tgz",
      "integrity": "sha512-uCMwWGdKG0ooYh1kVINz7vTgSY++9wnvU3kOqjRdfOY+PZHWSa/X/EqRdE9Q1pUFwYlQeU2PXE/Z2dTK/nlziw=="
    },
    "@material/select": {
      "version": "0.37.1",
      "resolved": "https://registry.npmjs.org/@material/select/-/select-0.37.1.tgz",
      "integrity": "sha512-hDElcfFmG4MSZwc2n2OVXMrmJHzG7yydLXoNOAvaaB3NUa6CQXnv0/7IHbtJEWRGRnrtMO6fzAnaieGGGcmzsA==",
      "requires": {
        "@material/animation": "^0.34.0",
        "@material/base": "^0.35.0",
        "@material/floating-label": "^0.37.1",
        "@material/line-ripple": "^0.35.0",
        "@material/notched-outline": "^0.37.1",
        "@material/ripple": "^0.37.1",
        "@material/rtl": "^0.36.0",
        "@material/theme": "^0.35.0",
        "@material/typography": "^0.37.1"
      }
    },
    "@material/selection-control": {
      "version": "0.37.1",
      "resolved": "https://registry.npmjs.org/@material/selection-control/-/selection-control-0.37.1.tgz",
      "integrity": "sha512-VGr232Th9+CjbAl5so+k+rj2crDvp8zVzA1QJ/qk0929NJ+e1GdxqgM7PIUPkS9rFLnhB7pAzZzpAgeLpfcU8g==",
      "requires": {
        "@material/ripple": "^0.37.1"
      }
    },
    "@material/shape": {
      "version": "0.35.0",
      "resolved": "https://registry.npmjs.org/@material/shape/-/shape-0.35.0.tgz",
      "integrity": "sha512-WMmGLWrqRymMn8gaPybDWRIx7zNurUmaUa/OoxB++HSiLdLZf8hdEffiWLgqc5u97eRpb4IRaIi/jzcPbWxiUw=="
    },
    "@material/slider": {
      "version": "0.36.0",
      "resolved": "https://registry.npmjs.org/@material/slider/-/slider-0.36.0.tgz",
      "integrity": "sha512-WB4j62IzrQgToWrDwe5ssSX/7wUD2cvCNlVkehz0syjUMWLCDv3ZrWTJQhd3K6XE3TjSjtTa5JjhkuezAAr41A==",
      "requires": {
        "@material/animation": "^0.34.0",
        "@material/base": "^0.35.0",
        "@material/rtl": "^0.36.0",
        "@material/theme": "^0.35.0"
      }
    },
    "@material/snackbar": {
      "version": "0.37.1",
      "resolved": "https://registry.npmjs.org/@material/snackbar/-/snackbar-0.37.1.tgz",
      "integrity": "sha512-zx703CH90k2ELwzGciLmC6W2gzrqWt3UmXp/gXFPIYAQujn/NShNKweox2qPHdTw5C7MCCXwOTg0HnlIcmVLnA==",
      "requires": {
        "@material/animation": "^0.34.0",
        "@material/base": "^0.35.0",
        "@material/rtl": "^0.36.0",
        "@material/theme": "^0.35.0",
        "@material/typography": "^0.37.1"
      }
    },
    "@material/switch": {
      "version": "0.36.1",
      "resolved": "https://registry.npmjs.org/@material/switch/-/switch-0.36.1.tgz",
      "integrity": "sha512-CmpzhrahaHxZzhmRTEEuSjsNeALmlc9x1Roy18G7DtYKfPiBX0lXU8gQNKTPYX1rCeL4O4wp/HexFuFJlCRMGA==",
      "requires": {
        "@material/animation": "^0.34.0",
        "@material/elevation": "^0.36.1",
        "@material/rtl": "^0.36.0",
        "@material/theme": "^0.35.0"
      }
    },
    "@material/tabs": {
      "version": "0.37.1",
      "resolved": "https://registry.npmjs.org/@material/tabs/-/tabs-0.37.1.tgz",
      "integrity": "sha512-Az2+a4h+1CNvX6Bith+4wAlQuag9UF299s/lX2r3NbzjgwsjvIrSQhld9x8kWybY+K1r2gsvdeCKzYiJjJ5zEA==",
      "requires": {
        "@material/animation": "^0.34.0",
        "@material/base": "^0.35.0",
        "@material/ripple": "^0.37.1",
        "@material/rtl": "^0.36.0",
        "@material/theme": "^0.35.0",
        "@material/typography": "^0.37.1"
      }
    },
    "@material/textfield": {
      "version": "0.37.1",
      "resolved": "https://registry.npmjs.org/@material/textfield/-/textfield-0.37.1.tgz",
      "integrity": "sha512-Pjuy1+FOFmLpId+Wm3ncrhJcPI+Fct5wpErFZO8/eMhtfRs41+LqlTSDSggcYg8AjNo20/8P0Y5RIo67rkaYHQ==",
      "requires": {
        "@material/animation": "^0.34.0",
        "@material/base": "^0.35.0",
        "@material/floating-label": "^0.37.1",
        "@material/line-ripple": "^0.35.0",
        "@material/notched-outline": "^0.37.1",
        "@material/ripple": "^0.37.1",
        "@material/rtl": "^0.36.0",
        "@material/theme": "^0.35.0",
        "@material/typography": "^0.37.1"
      }
    },
    "@material/theme": {
      "version": "0.35.0",
      "resolved": "https://registry.npmjs.org/@material/theme/-/theme-0.35.0.tgz",
      "integrity": "sha512-jTjRDPKlWVCNnSs4RRe/eq9+F5lFBzxfbuI7klgCR6jTXRMB93jKKKO7k6chgo9l0oObhLh81ao6sq/eV0WFIw=="
    },
    "@material/toolbar": {
      "version": "0.37.1",
      "resolved": "https://registry.npmjs.org/@material/toolbar/-/toolbar-0.37.1.tgz",
      "integrity": "sha512-HhoMWsJI2ju+ynWfNIHjnhkW6Mef1Nq0xzzQb00Buf68eJ0p8tSYLjyQHdrca+qEcjWaCuNbrMtkCtt4JXXShw==",
      "requires": {
        "@material/base": "^0.35.0",
        "@material/elevation": "^0.36.1",
        "@material/ripple": "^0.37.1",
        "@material/rtl": "^0.36.0",
        "@material/theme": "^0.35.0",
        "@material/typography": "^0.37.1"
      }
    },
    "@material/top-app-bar": {
      "version": "0.37.1",
      "resolved": "https://registry.npmjs.org/@material/top-app-bar/-/top-app-bar-0.37.1.tgz",
      "integrity": "sha512-tITFhLRdD6RX0dHF4qa+ptZlmm+JrIej9MlSp1STeSmWERVaPG0JAK4NruAp+dnPKLTET3uG7Dh6UByxHh2X4A==",
      "requires": {
        "@material/animation": "^0.34.0",
        "@material/base": "^0.35.0",
        "@material/elevation": "^0.36.1",
        "@material/ripple": "^0.37.1",
        "@material/rtl": "^0.36.0",
        "@material/theme": "^0.35.0",
        "@material/typography": "^0.37.1"
      }
    },
    "@material/typography": {
      "version": "0.37.1",
      "resolved": "https://registry.npmjs.org/@material/typography/-/typography-0.37.1.tgz",
      "integrity": "sha512-njbRrUwSte+Ag2ZsQxYCZVXqYphm7Wbe1iFCzljRAZEcZJUuKkz30rx3IK5CrmwoIpLxcE2Y/2WoAj8a2Ear0A=="
    },
    "focus-trap": {
      "version": "2.4.6",
      "resolved": "https://registry.npmjs.org/focus-trap/-/focus-trap-2.4.6.tgz",
      "integrity": "sha512-vWZTPtBU6pBoyWZDRZJHkXsyP2ZCZBHE3DRVXnSVdQKH/mcDtu9S5Kz8CUDyIqpfZfLEyI9rjKJLnc4Y40BRBg==",
      "requires": {
        "tabbable": "^1.0.3"
      }
    },
    "material-components-web": {
      "version": "0.37.1",
      "resolved": "https://registry.npmjs.org/material-components-web/-/material-components-web-0.37.1.tgz",
      "integrity": "sha512-F9SY7Ak0RXJdf66M2k9WkVmpy7o8TeKC0F6clRbfgK7QNUtwR4l7AUL3N0FA2uz1LJV3LcAyDeOkfCDU8nD+IA==",
      "requires": {
        "@material/animation": "^0.34.0",
        "@material/auto-init": "^0.35.0",
        "@material/base": "^0.35.0",
        "@material/button": "^0.37.1",
        "@material/card": "^0.37.1",
        "@material/checkbox": "^0.37.1",
        "@material/chips": "^0.37.1",
        "@material/dialog": "^0.37.1",
        "@material/drawer": "^0.37.1",
        "@material/elevation": "^0.36.1",
        "@material/fab": "^0.37.1",
        "@material/floating-label": "^0.37.1",
        "@material/form-field": "^0.37.1",
        "@material/grid-list": "^0.37.1",
        "@material/icon-button": "^0.37.1",
        "@material/icon-toggle": "^0.37.1",
        "@material/image-list": "^0.37.1",
        "@material/layout-grid": "^0.34.0",
        "@material/line-ripple": "^0.35.0",
        "@material/linear-progress": "^0.35.0",
        "@material/list": "^0.37.1",
        "@material/menu": "^0.37.1",
        "@material/notched-outline": "^0.37.1",
        "@material/radio": "^0.37.1",
        "@material/ripple": "^0.37.1",
        "@material/rtl": "^0.36.0",
        "@material/select": "^0.37.1",
        "@material/selection-control": "^0.37.1",
        "@material/shape": "^0.35.0",
        "@material/slider": "^0.36.0",
        "@material/snackbar": "^0.37.1",
        "@material/switch": "^0.36.1",
        "@material/tabs": "^0.37.1",
        "@material/textfield": "^0.37.1",
        "@material/theme": "^0.35.0",
        "@material/toolbar": "^0.37.1",
        "@material/top-app-bar": "^0.37.1",
        "@material/typography": "^0.37.1"
      }
    },
    "tabbable": {
      "version": "1.1.3",
      "resolved": "https://registry.npmjs.org/tabbable/-/tabbable-1.1.3.tgz",
      "integrity": "sha512-nOWwx35/JuDI4ONuF0ZTo6lYvI0fY0tZCH1ErzY2EXfu4az50ZyiUX8X073FLiZtmWUVlkRnuXsehjJgCw9tYg=="
    }
  }
}
